
Microsoft Visual Studio Solution File, Format Version 12.00
# Visual Studio 15
VisualStudioVersion = 15.0.28307.271
MinimumVisualStudioVersion = 10.0.40219.1
Project("{FAE04EC0-301F-11D3-BF4B-00C04F79EFBC}") = "Lab 10", "Lab 10\Lab 10.csproj", "{F26ED0C1-2DD8-4C33-BAD2-CA2DC773239F}"
EndProject
Global
	GlobalSection(SolutionConfigurationPlatforms) = preSolution
		Debug|Any CPU = Debug|Any CPU
		Release|Any CPU = Release|Any CPU
	EndGlobalSection
	GlobalSection(ProjectConfigurationPlatforms) = postSolution
		{F26ED0C1-2DD8-4C33-BAD2-CA2DC773239F}.Debug|Any CPU.ActiveCfg = Debug|Any CPU
		{F26ED0C1-2DD8-4C33-BAD2-CA2DC773239F}.Debug|Any CPU.Build.0 = Debug|Any CPU
		{F26ED0C1-2DD8-4C33-BAD2-CA2DC773239F}.Release|Any CPU.ActiveCfg = Release|Any CPU
		{F26ED0C1-2DD8-4C33-BAD2-CA2DC773239F}.Release|Any CPU.Build.0 = Release|Any CPU
	EndGlobalSection
	GlobalSection(SolutionProperties) = preSolution
		HideSolutionNode = FALSE
	EndGlobalSection
	GlobalSection(ExtensibilityGlobals) = postSolution
		SolutionGuid = {FC6BCDB5-2F53-4547-86A3-DE9A677FFA2C}
	EndGlobalSection
EndGlobal
